
Microsoft Visual Studio Solution File, Format Version 12.00
# Visual Studio Version 17
VisualStudioVersion = 17.14.36109.1 d17.14
MinimumVisualStudioVersion = 10.0.40219.1
Project("{D2ABAB84-BF74-430A-B69E-9DC6D40DDA17}") = "SSAS", "SSAS\SSAS.dwproj", "{9903B0B9-6F09-46BB-262E-E8B312FA0CED}"
EndProject
Global
	GlobalSection(SolutionConfigurationPlatforms) = preSolution
		Development|Default = Development|Default
	EndGlobalSection
	GlobalSection(ProjectConfigurationPlatforms) = postSolution
		{9903B0B9-6F09-46BB-262E-E8B312FA0CED}.Development|Default.ActiveCfg = Development
		{9903B0B9-6F09-46BB-262E-E8B312FA0CED}.Development|Default.Build.0 = Development
		{9903B0B9-6F09-46BB-262E-E8B312FA0CED}.Development|Default.Deploy.0 = Development
	EndGlobalSection
	GlobalSection(SolutionProperties) = preSolution
		HideSolutionNode = FALSE
	EndGlobalSection
	GlobalSection(ExtensibilityGlobals) = postSolution
		SolutionGuid = {C48A08E1-9260-4CF4-946A-0A9E81821234}
	EndGlobalSection
EndGlobal
